
Microsoft Visual Studio Solution File, Format Version 12.00
# Visual Studio Version 17
VisualStudioVersion = 17.9.34622.214
MinimumVisualStudioVersion = 10.0.40219.1
Project("{FAE04EC0-301F-11D3-BF4B-00C04F79EFBC}") = "GitThisThingDone", "GitThisThingDone\GitThisThingDone.csproj", "{A84E8353-F3A7-4AEE-BEB9-903A6A8A33A0}"
EndProject
Global
	GlobalSection(SolutionConfigurationPlatforms) = preSolution
		Debug|Any CPU = Debug|Any CPU
		Release|Any CPU = Release|Any CPU
	EndGlobalSection
	GlobalSection(ProjectConfigurationPlatforms) = postSolution
		{A84E8353-F3A7-4AEE-BEB9-903A6A8A33A0}.Debug|Any CPU.ActiveCfg = Debug|Any CPU
		{A84E8353-F3A7-4AEE-BEB9-903A6A8A33A0}.Debug|Any CPU.Build.0 = Debug|Any CPU
		{A84E8353-F3A7-4AEE-BEB9-903A6A8A33A0}.Release|Any CPU.ActiveCfg = Release|Any CPU
		{A84E8353-F3A7-4AEE-BEB9-903A6A8A33A0}.Release|Any CPU.Build.0 = Release|Any CPU
	EndGlobalSection
	GlobalSection(SolutionProperties) = preSolution
		HideSolutionNode = FALSE
	EndGlobalSection
	GlobalSection(ExtensibilityGlobals) = postSolution
		SolutionGuid = {B0C643F1-18D8-4F84-9712-A24126276436}
	EndGlobalSection
EndGlobal
